// !$*UTF8*$!
{
	archiveVersion = 1;
	classes = {
	};
	objectVersion = 55;
	objects = {

/* Begin PBXBuildFile section */
		378FD7802875A5A200BC3A93 /* ADCells.swift in Sources */ = {isa = PBXBuildFile; fileRef = 378FD77F2875A5A200BC3A93 /* ADCells.swift */; };
		378FD7822875A68700BC3A93 /* ADInitialController+TableViewDelegates.swift in Sources */ = {isa = PBXBuildFile; fileRef = 378FD7812875A68700BC3A93 /* ADInitialController+TableViewDelegates.swift */; };
		378FD7842875B0B400BC3A93 /* UIView+Extension.swift in Sources */ = {isa = PBXBuildFile; fileRef = 378FD7832875B0B400BC3A93 /* UIView+Extension.swift */; };
		378FD7862875B96A00BC3A93 /* UIColor+Extension.swift in Sources */ = {isa = PBXBuildFile; fileRef = 378FD7852875B96A00BC3A93 /* UIColor+Extension.swift */; };
		378FD7882875C37C00BC3A93 /* ADTopBarView.swift in Sources */ = {isa = PBXBuildFile; fileRef = 378FD7872875C37C00BC3A93 /* ADTopBarView.swift */; };
		378FD78A2875C56E00BC3A93 /* ADInitialController+UISetup.swift in Sources */ = {isa = PBXBuildFile; fileRef = 378FD7892875C56E00BC3A93 /* ADInitialController+UISetup.swift */; };
		378FD78C2875C65400BC3A93 /* ADFilterView.swift in Sources */ = {isa = PBXBuildFile; fileRef = 378FD78B2875C65400BC3A93 /* ADFilterView.swift */; };
		378FD7922876EBC800BC3A93 /* ADCellContentView.swift in Sources */ = {isa = PBXBuildFile; fileRef = 378FD7912876EBC800BC3A93 /* ADCellContentView.swift */; };
		378FD795287703E800BC3A93 /* ADUtilities.swift in Sources */ = {isa = PBXBuildFile; fileRef = 378FD794287703E800BC3A93 /* ADUtilities.swift */; };
		37C5E1DA28759ADA00482BF0 /* AppDelegate.swift in Sources */ = {isa = PBXBuildFile; fileRef = 37C5E1D928759ADA00482BF0 /* AppDelegate.swift */; };
		37C5E1DC28759ADA00482BF0 /* SceneDelegate.swift in Sources */ = {isa = PBXBuildFile; fileRef = 37C5E1DB28759ADA00482BF0 /* SceneDelegate.swift */; };
		37C5E1DE28759ADA00482BF0 /* ADInitialController.swift in Sources */ = {isa = PBXBuildFile; fileRef = 37C5E1DD28759ADA00482BF0 /* ADInitialController.swift */; };
		37C5E1E128759ADA00482BF0 /* Main.storyboard in Resources */ = {isa = PBXBuildFile; fileRef = 37C5E1DF28759ADA00482BF0 /* Main.storyboard */; };
		37C5E1E328759ADC00482BF0 /* Assets.xcassets in Resources */ = {isa = PBXBuildFile; fileRef = 37C5E1E228759ADC00482BF0 /* Assets.xcassets */; };
		37C5E1E628759ADC00482BF0 /* LaunchScreen.storyboard in Resources */ = {isa = PBXBuildFile; fileRef = 37C5E1E428759ADC00482BF0 /* LaunchScreen.storyboard */; };
		37C5E1F028759B2200482BF0 /* URLSession+Extension.swift in Sources */ = {isa = PBXBuildFile; fileRef = 37C5E1EF28759B2200482BF0 /* URLSession+Extension.swift */; };
		37C5E1F228759BC400482BF0 /* UIViewController+Extension.swift in Sources */ = {isa = PBXBuildFile; fileRef = 37C5E1F128759BC400482BF0 /* UIViewController+Extension.swift */; };
		37C5E1F428759BF800482BF0 /* ADViewModel.swift in Sources */ = {isa = PBXBuildFile; fileRef = 37C5E1F328759BF800482BF0 /* ADViewModel.swift */; };
/* End PBXBuildFile section */

/* Begin PBXFileReference section */
		378FD77F2875A5A200BC3A93 /* ADCells.swift */ = {isa = PBXFileReference; lastKnownFileType = sourcecode.swift; path = ADCells.swift; sourceTree = "<group>"; };
		378FD7812875A68700BC3A93 /* ADInitialController+TableViewDelegates.swift */ = {isa = PBXFileReference; lastKnownFileType = sourcecode.swift; path = "ADInitialController+TableViewDelegates.swift"; sourceTree = "<group>"; };
		378FD7832875B0B400BC3A93 /* UIView+Extension.swift */ = {isa = PBXFileReference; lastKnownFileType = sourcecode.swift; path = "UIView+Extension.swift"; sourceTree = "<group>"; };
		378FD7852875B96A00BC3A93 /* UIColor+Extension.swift */ = {isa = PBXFileReference; lastKnownFileType = sourcecode.swift; path = "UIColor+Extension.swift"; sourceTree = "<group>"; };
		378FD7872875C37C00BC3A93 /* ADTopBarView.swift */ = {isa = PBXFileReference; lastKnownFileType = sourcecode.swift; path = ADTopBarView.swift; sourceTree = "<group>"; };
		378FD7892875C56E00BC3A93 /* ADInitialController+UISetup.swift */ = {isa = PBXFileReference; lastKnownFileType = sourcecode.swift; path = "ADInitialController+UISetup.swift"; sourceTree = "<group>"; };
		378FD78B2875C65400BC3A93 /* ADFilterView.swift */ = {isa = PBXFileReference; lastKnownFileType = sourcecode.swift; path = ADFilterView.swift; sourceTree = "<group>"; };
		378FD7912876EBC800BC3A93 /* ADCellContentView.swift */ = {isa = PBXFileReference; lastKnownFileType = sourcecode.swift; path = ADCellContentView.swift; sourceTree = "<group>"; };
		378FD794287703E800BC3A93 /* ADUtilities.swift */ = {isa = PBXFileReference; lastKnownFileType = sourcecode.swift; path = ADUtilities.swift; sourceTree = "<group>"; };
		37C5E1D628759ADA00482BF0 /* AdyenPlacesSearch.app */ = {isa = PBXFileReference; explicitFileType = wrapper.application; includeInIndex = 0; path = AdyenPlacesSearch.app; sourceTree = BUILT_PRODUCTS_DIR; };
		37C5E1D928759ADA00482BF0 /* AppDelegate.swift */ = {isa = PBXFileReference; lastKnownFileType = sourcecode.swift; path = AppDelegate.swift; sourceTree = "<group>"; };
		37C5E1DB28759ADA00482BF0 /* SceneDelegate.swift */ = {isa = PBXFileReference; lastKnownFileType = sourcecode.swift; path = SceneDelegate.swift; sourceTree = "<group>"; };
		37C5E1DD28759ADA00482BF0 /* ADInitialController.swift */ = {isa = PBXFileReference; lastKnownFileType = sourcecode.swift; path = ADInitialController.swift; sourceTree = "<group>"; };
		37C5E1E028759ADA00482BF0 /* Base */ = {isa = PBXFileReference; lastKnownFileType = file.storyboard; name = Base; path = Base.lproj/Main.storyboard; sourceTree = "<group>"; };
		37C5E1E228759ADC00482BF0 /* Assets.xcassets */ = {isa = PBXFileReference; lastKnownFileType = folder.assetcatalog; path = Assets.xcassets; sourceTree = "<group>"; };
		37C5E1E528759ADC00482BF0 /* Base */ = {isa = PBXFileReference; lastKnownFileType = file.storyboard; name = Base; path = Base.lproj/LaunchScreen.storyboard; sourceTree = "<group>"; };
		37C5E1E728759ADC00482BF0 /* Info.plist */ = {isa = PBXFileReference; lastKnownFileType = text.plist.xml; path = Info.plist; sourceTree = "<group>"; };
		37C5E1EF28759B2200482BF0 /* URLSession+Extension.swift */ = {isa = PBXFileReference; lastKnownFileType = sourcecode.swift; path = "URLSession+Extension.swift"; sourceTree = "<group>"; };
		37C5E1F128759BC400482BF0 /* UIViewController+Extension.swift */ = {isa = PBXFileReference; lastKnownFileType = sourcecode.swift; path = "UIViewController+Extension.swift"; sourceTree = "<group>"; };
		37C5E1F328759BF800482BF0 /* ADViewModel.swift */ = {isa = PBXFileReference; lastKnownFileType = sourcecode.swift; path = ADViewModel.swift; sourceTree = "<group>"; };
/* End PBXFileReference section */

/* Begin PBXFrameworksBuildPhase section */
		37C5E1D328759ADA00482BF0 /* Frameworks */ = {
			isa = PBXFrameworksBuildPhase;
			buildActionMask = 2147483647;
			files = (
			);
			runOnlyForDeploymentPostprocessing = 0;
		};
/* End PBXFrameworksBuildPhase section */

/* Begin PBXGroup section */
		378FD77C2875A34500BC3A93 /* AppDelegates */ = {
			isa = PBXGroup;
			children = (
				37C5E1D928759ADA00482BF0 /* AppDelegate.swift */,
				37C5E1DB28759ADA00482BF0 /* SceneDelegate.swift */,
			);
			path = AppDelegates;
			sourceTree = "<group>";
		};
		378FD77D2875A36300BC3A93 /* Views */ = {
			isa = PBXGroup;
			children = (
				37C5E1DD28759ADA00482BF0 /* ADInitialController.swift */,
				378FD7812875A68700BC3A93 /* ADInitialController+TableViewDelegates.swift */,
				378FD7892875C56E00BC3A93 /* ADInitialController+UISetup.swift */,
				378FD7912876EBC800BC3A93 /* ADCellContentView.swift */,
				378FD7872875C37C00BC3A93 /* ADTopBarView.swift */,
				378FD78B2875C65400BC3A93 /* ADFilterView.swift */,
				378FD77F2875A5A200BC3A93 /* ADCells.swift */,
			);
			path = Views;
			sourceTree = "<group>";
		};
		378FD77E2875A37600BC3A93 /* Storyboards */ = {
			isa = PBXGroup;
			children = (
				37C5E1E428759ADC00482BF0 /* LaunchScreen.storyboard */,
				37C5E1DF28759ADA00482BF0 /* Main.storyboard */,
			);
			path = Storyboards;
			sourceTree = "<group>";
		};
		378FD793287703C800BC3A93 /* Utilities */ = {
			isa = PBXGroup;
			children = (
				378FD794287703E800BC3A93 /* ADUtilities.swift */,
			);
			path = Utilities;
			sourceTree = "<group>";
		};
		37C5E1CD28759ADA00482BF0 = {
			isa = PBXGroup;
			children = (
				37C5E1D828759ADA00482BF0 /* AdyenPlacesSearch */,
				37C5E1D728759ADA00482BF0 /* Products */,
			);
			sourceTree = "<group>";
		};
		37C5E1D728759ADA00482BF0 /* Products */ = {
			isa = PBXGroup;
			children = (
				37C5E1D628759ADA00482BF0 /* AdyenPlacesSearch.app */,
			);
			name = Products;
			sourceTree = "<group>";
		};
		37C5E1D828759ADA00482BF0 /* AdyenPlacesSearch */ = {
			isa = PBXGroup;
			children = (
				378FD793287703C800BC3A93 /* Utilities */,
				378FD77E2875A37600BC3A93 /* Storyboards */,
				378FD77D2875A36300BC3A93 /* Views */,
				378FD77C2875A34500BC3A93 /* AppDelegates */,
				37C5E1EE28759B0300482BF0 /* ViewModel */,
				37C5E1ED28759AFA00482BF0 /* Extenions */,
				37C5E1E228759ADC00482BF0 /* Assets.xcassets */,
				37C5E1E728759ADC00482BF0 /* Info.plist */,
			);
			path = AdyenPlacesSearch;
			sourceTree = "<group>";
		};
		37C5E1ED28759AFA00482BF0 /* Extenions */ = {
			isa = PBXGroup;
			children = (
				37C5E1EF28759B2200482BF0 /* URLSession+Extension.swift */,
				37C5E1F128759BC400482BF0 /* UIViewController+Extension.swift */,
				378FD7832875B0B400BC3A93 /* UIView+Extension.swift */,
				378FD7852875B96A00BC3A93 /* UIColor+Extension.swift */,
			);
			path = Extenions;
			sourceTree = "<group>";
		};
		37C5E1EE28759B0300482BF0 /* ViewModel */ = {
			isa = PBXGroup;
			children = (
				37C5E1F328759BF800482BF0 /* ADViewModel.swift */,
			);
			path = ViewModel;
			sourceTree = "<group>";
		};
/* End PBXGroup section */

/* Begin PBXNativeTarget section */
		37C5E1D528759ADA00482BF0 /* AdyenPlacesSearch */ = {
			isa = PBXNativeTarget;
			buildConfigurationList = 37C5E1EA28759ADC00482BF0 /* Build configuration list for PBXNativeTarget "AdyenPlacesSearch" */;
			buildPhases = (
				37C5E1D228759ADA00482BF0 /* Sources */,
				37C5E1D328759ADA00482BF0 /* Frameworks */,
				37C5E1D428759ADA00482BF0 /* Resources */,
			);
			buildRules = (
			);
			dependencies = (
			);
			name = AdyenPlacesSearch;
			productName = AdyenPlacesSearch;
			productReference = 37C5E1D628759ADA00482BF0 /* AdyenPlacesSearch.app */;
			productType = "com.apple.product-type.application";
		};
/* End PBXNativeTarget section */

/* Begin PBXProject section */
		37C5E1CE28759ADA00482BF0 /* Project object */ = {
			isa = PBXProject;
			attributes = {
				BuildIndependentTargetsInParallel = 1;
				LastSwiftUpdateCheck = 1340;
				LastUpgradeCheck = 1340;
				TargetAttributes = {
					37C5E1D528759ADA00482BF0 = {
						CreatedOnToolsVersion = 13.4.1;
					};
				};
			};
			buildConfigurationList = 37C5E1D128759ADA00482BF0 /* Build configuration list for PBXProject "AdyenPlacesSearch" */;
			compatibilityVersion = "Xcode 13.0";
			developmentRegion = en;
			hasScannedForEncodings = 0;
			knownRegions = (
				en,
				Base,
			);
			mainGroup = 37C5E1CD28759ADA00482BF0;
			productRefGroup = 37C5E1D728759ADA00482BF0 /* Products */;
			projectDirPath = "";
			projectRoot = "";
			targets = (
				37C5E1D528759ADA00482BF0 /* AdyenPlacesSearch */,
			);
		};
/* End PBXProject section */

/* Begin PBXResourcesBuildPhase section */
		37C5E1D428759ADA00482BF0 /* Resources */ = {
			isa = PBXResourcesBuildPhase;
			buildActionMask = 2147483647;
			files = (
				37C5E1E628759ADC00482BF0 /* LaunchScreen.storyboard in Resources */,
				37C5E1E328759ADC00482BF0 /* Assets.xcassets in Resources */,
				37C5E1E128759ADA00482BF0 /* Main.storyboard in Resources */,
			);
			runOnlyForDeploymentPostprocessing = 0;
		};
/* End PBXResourcesBuildPhase section */

/* Begin PBXSourcesBuildPhase section */
		37C5E1D228759ADA00482BF0 /* Sources */ = {
			isa = PBXSourcesBuildPhase;
			buildActionMask = 2147483647;
			files = (
				378FD78C2875C65400BC3A93 /* ADFilterView.swift in Sources */,
				37C5E1F428759BF800482BF0 /* ADViewModel.swift in Sources */,
				378FD795287703E800BC3A93 /* ADUtilities.swift in Sources */,
				378FD7822875A68700BC3A93 /* ADInitialController+TableViewDelegates.swift in Sources */,
				378FD7882875C37C00BC3A93 /* ADTopBarView.swift in Sources */,
				37C5E1F028759B2200482BF0 /* URLSession+Extension.swift in Sources */,
				378FD7922876EBC800BC3A93 /* ADCellContentView.swift in Sources */,
				378FD7842875B0B400BC3A93 /* UIView+Extension.swift in Sources */,
				37C5E1DE28759ADA00482BF0 /* ADInitialController.swift in Sources */,
				37C5E1DA28759ADA00482BF0 /* AppDelegate.swift in Sources */,
				378FD78A2875C56E00BC3A93 /* ADInitialController+UISetup.swift in Sources */,
				378FD7802875A5A200BC3A93 /* ADCells.swift in Sources */,
				37C5E1F228759BC400482BF0 /* UIViewController+Extension.swift in Sources */,
				37C5E1DC28759ADA00482BF0 /* SceneDelegate.swift in Sources */,
				378FD7862875B96A00BC3A93 /* UIColor+Extension.swift in Sources */,
			);
			runOnlyForDeploymentPostprocessing = 0;
		};
/* End PBXSourcesBuildPhase section */

/* Begin PBXVariantGroup section */
		37C5E1DF28759ADA00482BF0 /* Main.storyboard */ = {
			isa = PBXVariantGroup;
			children = (
				37C5E1E028759ADA00482BF0 /* Base */,
			);
			name = Main.storyboard;
			sourceTree = "<group>";
		};
		37C5E1E428759ADC00482BF0 /* LaunchScreen.storyboard */ = {
			isa = PBXVariantGroup;
			children = (
				37C5E1E528759ADC00482BF0 /* Base */,
			);
			name = LaunchScreen.storyboard;
			sourceTree = "<group>";
		};
/* End PBXVariantGroup section */

/* Begin XCBuildConfiguration section */
		37C5E1E828759ADC00482BF0 /* Debug */ = {
			isa = XCBuildConfiguration;
			buildSettings = {
				ALWAYS_SEARCH_USER_PATHS = NO;
				CLANG_ANALYZER_NONNULL = YES;
				CLANG_ANALYZER_NUMBER_OBJECT_CONVERSION = YES_AGGRESSIVE;
				CLANG_CXX_LANGUAGE_STANDARD = "gnu++17";
				CLANG_ENABLE_MODULES = YES;
				CLANG_ENABLE_OBJC_ARC = YES;
				CLANG_ENABLE_OBJC_WEAK = YES;
				CLANG_WARN_BLOCK_CAPTURE_AUTORELEASING = YES;
				CLANG_WARN_BOOL_CONVERSION = YES;
				CLANG_WARN_COMMA = YES;
				CLANG_WARN_CONSTANT_CONVERSION = YES;
				CLANG_WARN_DEPRECATED_OBJC_IMPLEMENTATIONS = YES;
				CLANG_WARN_DIRECT_OBJC_ISA_USAGE = YES_ERROR;
				CLANG_WARN_DOCUMENTATION_COMMENTS = YES;
				CLANG_WARN_EMPTY_BODY = YES;
				CLANG_WARN_ENUM_CONVERSION = YES;
				CLANG_WARN_INFINITE_RECURSION = YES;
				CLANG_WARN_INT_CONVERSION = YES;
				CLANG_WARN_NON_LITERAL_NULL_CONVERSION = YES;
				CLANG_WARN_OBJC_IMPLICIT_RETAIN_SELF = YES;
				CLANG_WARN_OBJC_LITERAL_CONVERSION = YES;
				CLANG_WARN_OBJC_ROOT_CLASS = YES_ERROR;
				CLANG_WARN_QUOTED_INCLUDE_IN_FRAMEWORK_HEADER = YES;
				CLANG_WARN_RANGE_LOOP_ANALYSIS = YES;
				CLANG_WARN_STRICT_PROTOTYPES = YES;
				CLANG_WARN_SUSPICIOUS_MOVE = YES;
				CLANG_WARN_UNGUARDED_AVAILABILITY = YES_AGGRESSIVE;
				CLANG_WARN_UNREACHABLE_CODE = YES;
				CLANG_WARN__DUPLICATE_METHOD_MATCH = YES;
				COPY_PHASE_STRIP = NO;
				DEBUG_INFORMATION_FORMAT = dwarf;
				ENABLE_STRICT_OBJC_MSGSEND = YES;
				ENABLE_TESTABILITY = YES;
				GCC_C_LANGUAGE_STANDARD = gnu11;
				GCC_DYNAMIC_NO_PIC = NO;
				GCC_NO_COMMON_BLOCKS = YES;
				GCC_OPTIMIZATION_LEVEL = 0;
				GCC_PREPROCESSOR_DEFINITIONS = (
					"DEBUG=1",
					"$(inherited)",
				);
				GCC_WARN_64_TO_32_BIT_CONVERSION = YES;
				GCC_WARN_ABOUT_RETURN_TYPE = YES_ERROR;
				GCC_WARN_UNDECLARED_SELECTOR = YES;
				GCC_WARN_UNINITIALIZED_AUTOS = YES_AGGRESSIVE;
				GCC_WARN_UNUSED_FUNCTION = YES;
				GCC_WARN_UNUSED_VARIABLE = YES;
				IPHONEOS_DEPLOYMENT_TARGET = 13.0;
				MTL_ENABLE_DEBUG_INFO = INCLUDE_SOURCE;
				MTL_FAST_MATH = YES;
				ONLY_ACTIVE_ARCH = YES;
				SDKROOT = iphoneos;
				SWIFT_ACTIVE_COMPILATION_CONDITIONS = DEBUG;
				SWIFT_OPTIMIZATION_LEVEL = "-Onone";
			};
			name = Debug;
		};
		37C5E1E928759ADC00482BF0 /* Release */ = {
			isa = XCBuildConfiguration;
			buildSettings = {
				ALWAYS_SEARCH_USER_PATHS = NO;
				CLANG_ANALYZER_NONNULL = YES;
				CLANG_ANALYZER_NUMBER_OBJECT_CONVERSION = YES_AGGRESSIVE;
				CLANG_CXX_LANGUAGE_STANDARD = "gnu++17";
				CLANG_ENABLE_MODULES = YES;
				CLANG_ENABLE_OBJC_ARC = YES;
				CLANG_ENABLE_OBJC_WEAK = YES;
				CLANG_WARN_BLOCK_CAPTURE_AUTORELEASING = YES;
				CLANG_WARN_BOOL_CONVERSION = YES;
				CLANG_WARN_COMMA = YES;
				CLANG_WARN_CONSTANT_CONVERSION = YES;
				CLANG_WARN_DEPRECATED_OBJC_IMPLEMENTATIONS = YES;
				CLANG_WARN_DIRECT_OBJC_ISA_USAGE = YES_ERROR;
				CLANG_WARN_DOCUMENTATION_COMMENTS = YES;
				CLANG_WARN_EMPTY_BODY = YES;
				CLANG_WARN_ENUM_CONVERSION = YES;
				CLANG_WARN_INFINITE_RECURSION = YES;
				CLANG_WARN_INT_CONVERSION = YES;
				CLANG_WARN_NON_LITERAL_NULL_CONVERSION = YES;
				CLANG_WARN_OBJC_IMPLICIT_RETAIN_SELF = YES;
				CLANG_WARN_OBJC_LITERAL_CONVERSION = YES;
				CLANG_WARN_OBJC_ROOT_CLASS = YES_ERROR;
				CLANG_WARN_QUOTED_INCLUDE_IN_FRAMEWORK_HEADER = YES;
				CLANG_WARN_RANGE_LOOP_ANALYSIS = YES;
				CLANG_WARN_STRICT_PROTOTYPES = YES;
				CLANG_WARN_SUSPICIOUS_MOVE = YES;
				CLANG_WARN_UNGUARDED_AVAILABILITY = YES_AGGRESSIVE;
				CLANG_WARN_UNREACHABLE_CODE = YES;
				CLANG_WARN__DUPLICATE_METHOD_MATCH = YES;
				COPY_PHASE_STRIP = NO;
				DEBUG_INFORMATION_FORMAT = "dwarf-with-dsym";
				ENABLE_NS_ASSERTIONS = NO;
				ENABLE_STRICT_OBJC_MSGSEND = YES;
				GCC_C_LANGUAGE_STANDARD = gnu11;
				GCC_NO_COMMON_BLOCKS = YES;
				GCC_WARN_64_TO_32_BIT_CONVERSION = YES;
				GCC_WARN_ABOUT_RETURN_TYPE = YES_ERROR;
				GCC_WARN_UNDECLARED_SELECTOR = YES;
				GCC_WARN_UNINITIALIZED_AUTOS = YES_AGGRESSIVE;
				GCC_WARN_UNUSED_FUNCTION = YES;
				GCC_WARN_UNUSED_VARIABLE = YES;
				IPHONEOS_DEPLOYMENT_TARGET = 13.0;
				MTL_ENABLE_DEBUG_INFO = NO;
				MTL_FAST_MATH = YES;
				SDKROOT = iphoneos;
				SWIFT_COMPILATION_MODE = wholemodule;
				SWIFT_OPTIMIZATION_LEVEL = "-O";
				VALIDATE_PRODUCT = YES;
			};
			name = Release;
		};
		37C5E1EB28759ADC00482BF0 /* Debug */ = {
			isa = XCBuildConfiguration;
			buildSettings = {
				ASSETCATALOG_COMPILER_APPICON_NAME = AppIcon;
				ASSETCATALOG_COMPILER_GLOBAL_ACCENT_COLOR_NAME = AccentColor;
				CODE_SIGN_STYLE = Automatic;
				CURRENT_PROJECT_VERSION = 1;
				DEVELOPMENT_TEAM = J2689556JN;
				GENERATE_INFOPLIST_FILE = YES;
				INFOPLIST_FILE = AdyenPlacesSearch/Info.plist;
				INFOPLIST_KEY_UIApplicationSupportsIndirectInputEvents = YES;
				INFOPLIST_KEY_UILaunchStoryboardName = LaunchScreen;
				INFOPLIST_KEY_UIMainStoryboardFile = Main;
				INFOPLIST_KEY_UISupportedInterfaceOrientations_iPad = "UIInterfaceOrientationPortrait UIInterfaceOrientationPortraitUpsideDown UIInterfaceOrientationLandscapeLeft UIInterfaceOrientationLandscapeRight";
				INFOPLIST_KEY_UISupportedInterfaceOrientations_iPhone = "UIInterfaceOrientationPortrait UIInterfaceOrientationLandscapeLeft UIInterfaceOrientationLandscapeRight";
				LD_RUNPATH_SEARCH_PATHS = (
					"$(inherited)",
					"@executable_path/Frameworks",
				);
				MARKETING_VERSION = 1.0;
				PRODUCT_BUNDLE_IDENTIFIER = ios.projects.AdyenPlacesSearch;
				PRODUCT_NAME = "$(TARGET_NAME)";
				SWIFT_EMIT_LOC_STRINGS = YES;
				SWIFT_VERSION = 5.0;
				TARGETED_DEVICE_FAMILY = "1,2";
			};
			name = Debug;
		};
		37C5E1EC28759ADC00482BF0 /* Release */ = {
			isa = XCBuildConfiguration;
			buildSettings = {
				ASSETCATALOG_COMPILER_APPICON_NAME = AppIcon;
				ASSETCATALOG_COMPILER_GLOBAL_ACCENT_COLOR_NAME = AccentColor;
				CODE_SIGN_STYLE = Automatic;
				CURRENT_PROJECT_VERSION = 1;
				DEVELOPMENT_TEAM = J2689556JN;
				GENERATE_INFOPLIST_FILE = YES;
				INFOPLIST_FILE = AdyenPlacesSearch/Info.plist;
				INFOPLIST_KEY_UIApplicationSupportsIndirectInputEvents = YES;
				INFOPLIST_KEY_UILaunchStoryboardName = LaunchScreen;
				INFOPLIST_KEY_UIMainStoryboardFile = Main;
				INFOPLIST_KEY_UISupportedInterfaceOrientations_iPad = "UIInterfaceOrientationPortrait UIInterfaceOrientationPortraitUpsideDown UIInterfaceOrientationLandscapeLeft UIInterfaceOrientationLandscapeRight";
				INFOPLIST_KEY_UISupportedInterfaceOrientations_iPhone = "UIInterfaceOrientationPortrait UIInterfaceOrientationLandscapeLeft UIInterfaceOrientationLandscapeRight";
				LD_RUNPATH_SEARCH_PATHS = (
					"$(inherited)",
					"@executable_path/Frameworks",
				);
				MARKETING_VERSION = 1.0;
				PRODUCT_BUNDLE_IDENTIFIER = ios.projects.AdyenPlacesSearch;
				PRODUCT_NAME = "$(TARGET_NAME)";
				SWIFT_EMIT_LOC_STRINGS = YES;
				SWIFT_VERSION = 5.0;
				TARGETED_DEVICE_FAMILY = "1,2";
			};
			name = Release;
		};
/* End XCBuildConfiguration section */

/* Begin XCConfigurationList section */
		37C5E1D128759ADA00482BF0 /* Build configuration list for PBXProject "AdyenPlacesSearch" */ = {
			isa = XCConfigurationList;
			buildConfigurations = (
				37C5E1E828759ADC00482BF0 /* Debug */,
				37C5E1E928759ADC00482BF0 /* Release */,
			);
			defaultConfigurationIsVisible = 0;
			defaultConfigurationName = Release;
		};
		37C5E1EA28759ADC00482BF0 /* Build configuration list for PBXNativeTarget "AdyenPlacesSearch" */ = {
			isa = XCConfigurationList;
			buildConfigurations = (
				37C5E1EB28759ADC00482BF0 /* Debug */,
				37C5E1EC28759ADC00482BF0 /* Release */,
			);
			defaultConfigurationIsVisible = 0;
			defaultConfigurationName = Release;
		};
/* End XCConfigurationList section */
	};
	rootObject = 37C5E1CE28759ADA00482BF0 /* Project object */;
}
